
Microsoft Visual Studio Solution File, Format Version 12.00
# Visual Studio Version 17
VisualStudioVersion = 17.7.34024.191
MinimumVisualStudioVersion = 10.0.40219.1
Project("{9A19103F-16F7-4668-BE54-9A1E7A4F7556}") = "PasswordManager", "PasswordManager\PasswordManager.csproj", "{341D4752-61AA-4E61-867A-EB7E518DEEA5}"
EndProject
Project("{9A19103F-16F7-4668-BE54-9A1E7A4F7556}") = "Entities", "Entities\Entities.csproj", "{AEB805EA-990B-4C48-8434-715DDE9BE809}"
EndProject
Project("{9A19103F-16F7-4668-BE54-9A1E7A4F7556}") = "DataAccess", "DataAccess\DataAccess.csproj", "{C593CD12-704B-4545-A538-65159B7ED82A}"
EndProject
Project("{9A19103F-16F7-4668-BE54-9A1E7A4F7556}") = "Business", "Business\Business.csproj", "{7C4F9CC3-44EB-4AA1-9D46-97D54B01352A}"
EndProject
Project("{9A19103F-16F7-4668-BE54-9A1E7A4F7556}") = "Common", "Common\Common.csproj", "{9C10253F-9AEF-498A-915F-BEB2EE16D157}"
EndProject
Global
	GlobalSection(SolutionConfigurationPlatforms) = preSolution
		Debug|Any CPU = Debug|Any CPU
		Release|Any CPU = Release|Any CPU
	EndGlobalSection
	GlobalSection(ProjectConfigurationPlatforms) = postSolution
		{341D4752-61AA-4E61-867A-EB7E518DEEA5}.Debug|Any CPU.ActiveCfg = Debug|Any CPU
		{341D4752-61AA-4E61-867A-EB7E518DEEA5}.Debug|Any CPU.Build.0 = Debug|Any CPU
		{341D4752-61AA-4E61-867A-EB7E518DEEA5}.Release|Any CPU.ActiveCfg = Release|Any CPU
		{341D4752-61AA-4E61-867A-EB7E518DEEA5}.Release|Any CPU.Build.0 = Release|Any CPU
		{AEB805EA-990B-4C48-8434-715DDE9BE809}.Debug|Any CPU.ActiveCfg = Debug|Any CPU
		{AEB805EA-990B-4C48-8434-715DDE9BE809}.Debug|Any CPU.Build.0 = Debug|Any CPU
		{AEB805EA-990B-4C48-8434-715DDE9BE809}.Release|Any CPU.ActiveCfg = Release|Any CPU
		{AEB805EA-990B-4C48-8434-715DDE9BE809}.Release|Any CPU.Build.0 = Release|Any CPU
		{C593CD12-704B-4545-A538-65159B7ED82A}.Debug|Any CPU.ActiveCfg = Debug|Any CPU
		{C593CD12-704B-4545-A538-65159B7ED82A}.Debug|Any CPU.Build.0 = Debug|Any CPU
		{C593CD12-704B-4545-A538-65159B7ED82A}.Release|Any CPU.ActiveCfg = Release|Any CPU
		{C593CD12-704B-4545-A538-65159B7ED82A}.Release|Any CPU.Build.0 = Release|Any CPU
		{7C4F9CC3-44EB-4AA1-9D46-97D54B01352A}.Debug|Any CPU.ActiveCfg = Debug|Any CPU
		{7C4F9CC3-44EB-4AA1-9D46-97D54B01352A}.Debug|Any CPU.Build.0 = Debug|Any CPU
		{7C4F9CC3-44EB-4AA1-9D46-97D54B01352A}.Release|Any CPU.ActiveCfg = Release|Any CPU
		{7C4F9CC3-44EB-4AA1-9D46-97D54B01352A}.Release|Any CPU.Build.0 = Release|Any CPU
		{9C10253F-9AEF-498A-915F-BEB2EE16D157}.Debug|Any CPU.ActiveCfg = Debug|Any CPU
		{9C10253F-9AEF-498A-915F-BEB2EE16D157}.Debug|Any CPU.Build.0 = Debug|Any CPU
		{9C10253F-9AEF-498A-915F-BEB2EE16D157}.Release|Any CPU.ActiveCfg = Release|Any CPU
		{9C10253F-9AEF-498A-915F-BEB2EE16D157}.Release|Any CPU.Build.0 = Release|Any CPU
	EndGlobalSection
	GlobalSection(SolutionProperties) = preSolution
		HideSolutionNode = FALSE
	EndGlobalSection
	GlobalSection(ExtensibilityGlobals) = postSolution
		SolutionGuid = {BF9915B9-4703-47A8-B554-2702370965AB}
	EndGlobalSection
EndGlobal
